
Microsoft Visual Studio Solution File, Format Version 12.00
# Visual Studio 15
VisualStudioVersion = 15.0.28307.421
MinimumVisualStudioVersion = 10.0.40219.1
Project("{FAE04EC0-301F-11D3-BF4B-00C04F79EFBC}") = "CuaHangBanHoa", "CuaHangBanHoa\CuaHangBanHoa.csproj", "{4A411E19-A0A0-4633-B423-FE51DDE940B9}"
EndProject
Global
	GlobalSection(SolutionConfigurationPlatforms) = preSolution
		Debug|Any CPU = Debug|Any CPU
		Release|Any CPU = Release|Any CPU
	EndGlobalSection
	GlobalSection(ProjectConfigurationPlatforms) = postSolution
		{4A411E19-A0A0-4633-B423-FE51DDE940B9}.Debug|Any CPU.ActiveCfg = Debug|Any CPU
		{4A411E19-A0A0-4633-B423-FE51DDE940B9}.Debug|Any CPU.Build.0 = Debug|Any CPU
		{4A411E19-A0A0-4633-B423-FE51DDE940B9}.Release|Any CPU.ActiveCfg = Release|Any CPU
		{4A411E19-A0A0-4633-B423-FE51DDE940B9}.Release|Any CPU.Build.0 = Release|Any CPU
	EndGlobalSection
	GlobalSection(SolutionProperties) = preSolution
		HideSolutionNode = FALSE
	EndGlobalSection
	GlobalSection(ExtensibilityGlobals) = postSolution
		SolutionGuid = {F1A5CA60-D169-4000-BDB3-172A584B4918}
	EndGlobalSection
EndGlobal
